{
  "name": "@harmony-hackathon/frontend",
  "version": "1.0.0",
  "lockfileVersion": 1,
  "requires": true,
  "dependencies": {
    "@types/node": {
      "version": "12.20.17",
      "dev": true
    },
    "react-unity-webgl": {
      "version": "7.1.13",
      "resolved": "https://registry.npmjs.org/react-unity-webgl/-/react-unity-webgl-7.1.13.tgz",
      "integrity": "sha512-uxo007ofvKO72ygsaMJKdEjjBnNvvNEgSCHKN1wvrebY+y4TIA5SIehr/jMQwVDyu5V+N7tOQa+mMPKaMEZEBg=="
    }
  }
}
